{
  "name": "@thijmen-os/developmentkit",
  "version": "1.0.28",
  "lockfileVersion": 3,
  "requires": true,
  "packages": {
    "": {
      "name": "@thijmen-os/developmentkit",
      "version": "1.0.28",
      "license": "ISC",
      "dependencies": {
        "@thijmen-os/common": "^2.0.31"
      },
      "devDependencies": {
        "typescript": "^4.9.4"
      }
    },
    "node_modules/@thijmen-os/common": {
      "version": "2.0.31",
      "resolved": "https://registry.npmjs.org/@thijmen-os/common/-/common-2.0.31.tgz",
      "integrity": "sha512-WG09HQHTjiUa3WE2dTNcf4CmWyaKUNHI4z2BQKji8hon2QLO9yG5A/gAJ48xSFAIKsGhdDMgixYQ3LzG2v7QaQ=="
    },
    "node_modules/typescript": {
      "version": "4.9.5",
      "resolved": "https://registry.npmjs.org/typescript/-/typescript-4.9.5.tgz",
      "integrity": "sha512-1FXk9E2Hm+QzZQ7z+McJiHL4NW1F2EzMu9Nq9i3zAaGqibafqYwCVU6WyWAuyQRRzOlxou8xZSyXLEN8oKj24g==",
      "dev": true,
      "bin": {
        "tsc": "bin/tsc",
        "tsserver": "bin/tsserver"
      },
      "engines": {
        "node": ">=4.2.0"
      }
    }
  }
}
